
Microsoft Visual Studio Solution File, Format Version 12.00
Project("{FAE04EC0-301F-11D3-BF4B-00C04F79EFBC}") = "ShopAppASP.NETCore", "ShopAppASP.NETCore\ShopAppASP.NETCore.csproj", "{844D4D0F-4FFE-4235-8E36-7B241897CB6F}"
EndProject
Global
	GlobalSection(SolutionConfigurationPlatforms) = preSolution
		Debug|Any CPU = Debug|Any CPU
		Release|Any CPU = Release|Any CPU
	EndGlobalSection
	GlobalSection(ProjectConfigurationPlatforms) = postSolution
		{844D4D0F-4FFE-4235-8E36-7B241897CB6F}.Debug|Any CPU.ActiveCfg = Debug|Any CPU
		{844D4D0F-4FFE-4235-8E36-7B241897CB6F}.Debug|Any CPU.Build.0 = Debug|Any CPU
		{844D4D0F-4FFE-4235-8E36-7B241897CB6F}.Release|Any CPU.ActiveCfg = Release|Any CPU
		{844D4D0F-4FFE-4235-8E36-7B241897CB6F}.Release|Any CPU.Build.0 = Release|Any CPU
	EndGlobalSection
EndGlobal
